{
  "name": "uixvisor-monorepo",
  "lockfileVersion": 3,
  "requires": true,
  "packages": {
    "": {
      "name": "uixvisor-monorepo",
      "workspaces": [
        "apps/*",
        "packages/*"
      ],
      "devDependencies": {
        "turbo": "^2.5.0",
        "typescript": "^5.7.0"
      },
      "engines": {
        "node": ">=20"
      }
    },
    "apps/docs": {
      "name": "@uixvisor/docs",
      "version": "0.0.0"
    },
    "apps/showcase-expo": {
      "name": "@uixvisor/showcase-expo",
      "version": "0.0.0"
    },
    "apps/test-harness": {
      "name": "@uixvisor/test-harness",
      "version": "0.0.0"
    },
    "node_modules/@turbo/darwin-64": {
      "version": "2.10.5",
      "resolved": "https://registry.npmjs.org/@turbo/darwin-64/-/darwin-64-2.10.5.tgz",
      "integrity": "sha512-ENvPwy3x5yS7MwNYHeWjqOBXkwIMp39Pd+/zXC6PoiNzF8EIvvLZOZZ+ny6L9x4WgS5vxUii2LM5gM+zjPdnWw==",
      "cpu": [
        "x64"
      ],
      "dev": true,
      "license": "MIT",
      "optional": true,
      "os": [
        "darwin"
      ]
    },
    "node_modules/@turbo/darwin-arm64": {
      "version": "2.10.5",
      "resolved": "https://registry.npmjs.org/@turbo/darwin-arm64/-/darwin-arm64-2.10.5.tgz",
      "integrity": "sha512-rqROo9zsF/P9RqsdtbLD1nFJicjSrYyvQ9kNJC38AbxA3pAs6VAlATvtvOFx7bqOv6vicf20SP9kF33avJjy2w==",
      "cpu": [
        "arm64"
      ],
      "dev": true,
      "license": "MIT",
      "optional": true,
      "os": [
        "darwin"
      ]
    },
    "node_modules/@turbo/linux-64": {
      "version": "2.10.5",
      "resolved": "https://registry.npmjs.org/@turbo/linux-64/-/linux-64-2.10.5.tgz",
      "integrity": "sha512-RoSSiNFUxi27zLJuM9F6GyWWjHgLch9t6nwD6K0FkXRirZkTLlzIj6IhFnK8H9++nefLtdFqylE4vGjZAv6AAA==",
      "cpu": [
        "x64"
      ],
      "dev": true,
      "license": "MIT",
      "optional": true,
      "os": [
        "linux"
      ]
    },
    "node_modules/@turbo/linux-arm64": {
      "version": "2.10.5",
      "resolved": "https://registry.npmjs.org/@turbo/linux-arm64/-/linux-arm64-2.10.5.tgz",
      "integrity": "sha512-4ZComcpzmHGmVynQqvvi+iZOSq/tBvY1SltXB8g4NZRsrA01W8E+yRL8RNM+PLoyWsrCnJa8xa+DkWkv+xg4iQ==",
      "cpu": [
        "arm64"
      ],
      "dev": true,
      "license": "MIT",
      "optional": true,
      "os": [
        "linux"
      ]
    },
    "node_modules/@turbo/windows-64": {
      "version": "2.10.5",
      "resolved": "https://registry.npmjs.org/@turbo/windows-64/-/windows-64-2.10.5.tgz",
      "integrity": "sha512-eL2Iyj4DbMINq1Sr1w0iAi6nAiZOF16KSlRGwCJpVh+IWZeY33MAsLHVOBMj1xoFtncVJXclCVpTPL2nBoYkFg==",
      "cpu": [
        "x64"
      ],
      "dev": true,
      "license": "MIT",
      "optional": true,
      "os": [
        "win32"
      ]
    },
    "node_modules/@turbo/windows-arm64": {
      "version": "2.10.5",
      "resolved": "https://registry.npmjs.org/@turbo/windows-arm64/-/windows-arm64-2.10.5.tgz",
      "integrity": "sha512-sog+wP+8YSJrdWZ/rUJg8xghVTrwoG+BrSlDQpnK5fzSgJHn1INRWXbVWRH0d3vX8dBI01E3yxXRre9Dn+OXQA==",
      "cpu": [
        "arm64"
      ],
      "dev": true,
      "license": "MIT",
      "optional": true,
      "os": [
        "win32"
      ]
    },
    "node_modules/@uixvisor/docs": {
      "resolved": "apps/docs",
      "link": true
    },
    "node_modules/@uixvisor/eslint-config": {
      "resolved": "packages/eslint-config",
      "link": true
    },
    "node_modules/@uixvisor/presets": {
      "resolved": "packages/presets",
      "link": true
    },
    "node_modules/@uixvisor/registry": {
      "resolved": "packages/registry",
      "link": true
    },
    "node_modules/@uixvisor/registry-schema": {
      "resolved": "packages/registry-schema",
      "link": true
    },
    "node_modules/@uixvisor/showcase-expo": {
      "resolved": "apps/showcase-expo",
      "link": true
    },
    "node_modules/@uixvisor/test-harness": {
      "resolved": "apps/test-harness",
      "link": true
    },
    "node_modules/@uixvisor/testing": {
      "resolved": "packages/testing",
      "link": true
    },
    "node_modules/@uixvisor/tokens": {
      "resolved": "packages/tokens",
      "link": true
    },
    "node_modules/turbo": {
      "version": "2.10.5",
      "resolved": "https://registry.npmjs.org/turbo/-/turbo-2.10.5.tgz",
      "integrity": "sha512-07Y/C7OUp23l4P92PJoYtFNbHjLhftrZH5Ce7dbczS4kX2Re+wtbXvZLoxn/pUtzgsQaRCBaRuZPJp4zmAn0WQ==",
      "dev": true,
      "license": "MIT",
      "bin": {
        "turbo": "bin/turbo"
      },
      "optionalDependencies": {
        "@turbo/darwin-64": "2.10.5",
        "@turbo/darwin-arm64": "2.10.5",
        "@turbo/linux-64": "2.10.5",
        "@turbo/linux-arm64": "2.10.5",
        "@turbo/windows-64": "2.10.5",
        "@turbo/windows-arm64": "2.10.5"
      }
    },
    "node_modules/typescript": {
      "version": "5.9.3",
      "resolved": "https://registry.npmjs.org/typescript/-/typescript-5.9.3.tgz",
      "integrity": "sha512-jl1vZzPDinLr9eUt3J/t7V6FgNEw9QjvBPdysz9KfQDD41fQrC2Y4vKQdiaUpFT4bXlb1RHhLpp8wtm6M5TgSw==",
      "dev": true,
      "license": "Apache-2.0",
      "bin": {
        "tsc": "bin/tsc",
        "tsserver": "bin/tsserver"
      },
      "engines": {
        "node": ">=14.17"
      }
    },
    "node_modules/uixvisor": {
      "resolved": "packages/cli",
      "link": true
    },
    "packages/cli": {
      "name": "uixvisor",
      "version": "0.0.0",
      "license": "MIT",
      "bin": {
        "uixvisor": "dist/index.js"
      }
    },
    "packages/eslint-config": {
      "name": "@uixvisor/eslint-config",
      "version": "0.0.0",
      "license": "MIT"
    },
    "packages/presets": {
      "name": "@uixvisor/presets",
      "version": "0.0.0",
      "license": "MIT",
      "dependencies": {
        "@uixvisor/tokens": "*"
      }
    },
    "packages/registry": {
      "name": "@uixvisor/registry",
      "version": "0.0.0",
      "license": "MIT",
      "dependencies": {
        "@uixvisor/registry-schema": "*"
      }
    },
    "packages/registry-schema": {
      "name": "@uixvisor/registry-schema",
      "version": "0.0.0",
      "license": "MIT"
    },
    "packages/testing": {
      "name": "@uixvisor/testing",
      "version": "0.0.0",
      "license": "MIT"
    },
    "packages/tokens": {
      "name": "@uixvisor/tokens",
      "version": "0.0.0",
      "license": "MIT"
    }
  }
}
